{
    "name": "static",
    "version": "1.0.0",
    "lockfileVersion": 2,
    "requires": true,
    "packages": {
        "": {
            "name": "static",
            "version": "1.0.0",
            "dependencies": {
                "jquery": "3.6.0"
            }
        },
        "node_modules/jquery": {
            "version": "3.6.0",
            "resolved": "https://registry.npmjs.org/jquery/-/jquery-3.6.0.tgz",
            "integrity": "sha512-JVzAR/AjBvVt2BmYhxRCSYysDsPcssdmTFnzyLEts9qNwmjmu4JTAMYubEfwVOSwpQ1I1sKKFcxhZCI2buerfw=="
        }
    },
    "dependencies": {
        "jquery": {
            "version": "3.6.0",
            "resolved": "https://registry.npmjs.org/jquery/-/jquery-3.6.0.tgz",
            "integrity": "sha512-JVzAR/AjBvVt2BmYhxRCSYysDsPcssdmTFnzyLEts9qNwmjmu4JTAMYubEfwVOSwpQ1I1sKKFcxhZCI2buerfw=="
        }
    }
}
