{
    "name": "static",
    "version": "1.0.0",
    "lockfileVersion": 2,
    "requires": true,
    "packages": {
        "": {
            "name": "static",
            "version": "1.0.0",
            "dependencies": {
                "htmx.org": "^1.6.1"
            }
        },
        "node_modules/htmx.org": {
            "version": "1.6.1",
            "resolved": "https://registry.npmjs.org/htmx.org/-/htmx.org-1.6.1.tgz",
            "integrity": "sha512-i+1k5ee2eFWaZbomjckyrDjUpa3FMDZWufatUSBmmsjXVksn89nsXvr1KLGIdAajiz+ZSL7TE4U/QaZVd2U2sA=="
        }
    },
    "dependencies": {
        "htmx.org": {
            "version": "1.6.1",
            "resolved": "https://registry.npmjs.org/htmx.org/-/htmx.org-1.6.1.tgz",
            "integrity": "sha512-i+1k5ee2eFWaZbomjckyrDjUpa3FMDZWufatUSBmmsjXVksn89nsXvr1KLGIdAajiz+ZSL7TE4U/QaZVd2U2sA=="
        }
    }
}
